// !$*UTF8*$!
{
	archiveVersion = 1;
	classes = {
	};
	objectVersion = 46;
	objects = {

/* Begin PBXBuildFile section */
		D1ECC7E81C10D61E00AE8BCD /* AppDelegate.swift in Sources */ = {isa = PBXBuildFile; fileRef = D1ECC7E71C10D61E00AE8BCD /* AppDelegate.swift */; };
		D1ECC7EA1C10D61E00AE8BCD /* ViewController.swift in Sources */ = {isa = PBXBuildFile; fileRef = D1ECC7E91C10D61E00AE8BCD /* ViewController.swift */; };
		D1ECC7ED1C10D61E00AE8BCD /* Main.storyboard in Resources */ = {isa = PBXBuildFile; fileRef = D1ECC7EB1C10D61E00AE8BCD /* Main.storyboard */; };
		D1ECC7EF1C10D61E00AE8BCD /* Assets.xcassets in Resources */ = {isa = PBXBuildFile; fileRef = D1ECC7EE1C10D61E00AE8BCD /* Assets.xcassets */; };
		D1ECC7F21C10D61E00AE8BCD /* LaunchScreen.storyboard in Resources */ = {isa = PBXBuildFile; fileRef = D1ECC7F01C10D61E00AE8BCD /* LaunchScreen.storyboard */; };
		D1ECC7FA1C10DB0500AE8BCD /* Box.swift in Sources */ = {isa = PBXBuildFile; fileRef = D1ECC7F91C10DB0500AE8BCD /* Box.swift */; settings = {ASSET_TAGS = (); }; };
		D1ECC7FC1C10DB8600AE8BCD /* Matrix.swift in Sources */ = {isa = PBXBuildFile; fileRef = D1ECC7FB1C10DB8600AE8BCD /* Matrix.swift */; settings = {ASSET_TAGS = (); }; };
		D1ECC7FE1C11035500AE8BCD /* SqButton.swift in Sources */ = {isa = PBXBuildFile; fileRef = D1ECC7FD1C11035500AE8BCD /* SqButton.swift */; settings = {ASSET_TAGS = (); }; };
/* End PBXBuildFile section */

/* Begin PBXFileReference section */
		D1ECC7E41C10D61E00AE8BCD /* Minesweeper.app */ = {isa = PBXFileReference; explicitFileType = wrapper.application; includeInIndex = 0; path = Minesweeper.app; sourceTree = BUILT_PRODUCTS_DIR; };
		D1ECC7E71C10D61E00AE8BCD /* AppDelegate.swift */ = {isa = PBXFileReference; lastKnownFileType = sourcecode.swift; path = AppDelegate.swift; sourceTree = "<group>"; };
		D1ECC7E91C10D61E00AE8BCD /* ViewController.swift */ = {isa = PBXFileReference; lastKnownFileType = sourcecode.swift; path = ViewController.swift; sourceTree = "<group>"; };
		D1ECC7EC1C10D61E00AE8BCD /* Base */ = {isa = PBXFileReference; lastKnownFileType = file.storyboard; name = Base; path = Base.lproj/Main.storyboard; sourceTree = "<group>"; };
		D1ECC7EE1C10D61E00AE8BCD /* Assets.xcassets */ = {isa = PBXFileReference; lastKnownFileType = folder.assetcatalog; path = Assets.xcassets; sourceTree = "<group>"; };
		D1ECC7F11C10D61E00AE8BCD /* Base */ = {isa = PBXFileReference; lastKnownFileType = file.storyboard; name = Base; path = Base.lproj/LaunchScreen.storyboard; sourceTree = "<group>"; };
		D1ECC7F31C10D61E00AE8BCD /* Info.plist */ = {isa = PBXFileReference; lastKnownFileType = text.plist.xml; path = Info.plist; sourceTree = "<group>"; };
		D1ECC7F91C10DB0500AE8BCD /* Box.swift */ = {isa = PBXFileReference; fileEncoding = 4; lastKnownFileType = sourcecode.swift; path = Box.swift; sourceTree = "<group>"; };
		D1ECC7FB1C10DB8600AE8BCD /* Matrix.swift */ = {isa = PBXFileReference; fileEncoding = 4; lastKnownFileType = sourcecode.swift; path = Matrix.swift; sourceTree = "<group>"; };
		D1ECC7FD1C11035500AE8BCD /* SqButton.swift */ = {isa = PBXFileReference; fileEncoding = 4; lastKnownFileType = sourcecode.swift; path = SqButton.swift; sourceTree = "<group>"; };
/* End PBXFileReference section */

/* Begin PBXFrameworksBuildPhase section */
		D1ECC7E11C10D61E00AE8BCD /* Frameworks */ = {
			isa = PBXFrameworksBuildPhase;
			buildActionMask = 2147483647;
			files = (
			);
			runOnlyForDeploymentPostprocessing = 0;
		};
/* End PBXFrameworksBuildPhase section */

/* Begin PBXGroup section */
		D1ECC7DB1C10D61E00AE8BCD = {
			isa = PBXGroup;
			children = (
				D1ECC7E61C10D61E00AE8BCD /* Minesweeper */,
				D1ECC7E51C10D61E00AE8BCD /* Products */,
			);
			sourceTree = "<group>";
		};
		D1ECC7E51C10D61E00AE8BCD /* Products */ = {
			isa = PBXGroup;
			children = (
				D1ECC7E41C10D61E00AE8BCD /* Minesweeper.app */,
			);
			name = Products;
			sourceTree = "<group>";
		};
		D1ECC7E61C10D61E00AE8BCD /* Minesweeper */ = {
			isa = PBXGroup;
			children = (
				D1ECC7E71C10D61E00AE8BCD /* AppDelegate.swift */,
				D1ECC7E91C10D61E00AE8BCD /* ViewController.swift */,
				D1ECC7EB1C10D61E00AE8BCD /* Main.storyboard */,
				D1ECC7F91C10DB0500AE8BCD /* Box.swift */,
				D1ECC7FB1C10DB8600AE8BCD /* Matrix.swift */,
				D1ECC7FD1C11035500AE8BCD /* SqButton.swift */,
				D1ECC7EE1C10D61E00AE8BCD /* Assets.xcassets */,
				D1ECC7F01C10D61E00AE8BCD /* LaunchScreen.storyboard */,
				D1ECC7F31C10D61E00AE8BCD /* Info.plist */,
			);
			path = Minesweeper;
			sourceTree = "<group>";
		};
/* End PBXGroup section */

/* Begin PBXNativeTarget section */
		D1ECC7E31C10D61E00AE8BCD /* Minesweeper */ = {
			isa = PBXNativeTarget;
			buildConfigurationList = D1ECC7F61C10D61E00AE8BCD /* Build configuration list for PBXNativeTarget "Minesweeper" */;
			buildPhases = (
				D1ECC7E01C10D61E00AE8BCD /* Sources */,
				D1ECC7E11C10D61E00AE8BCD /* Frameworks */,
				D1ECC7E21C10D61E00AE8BCD /* Resources */,
			);
			buildRules = (
			);
			dependencies = (
			);
			name = Minesweeper;
			productName = Minesweeper;
			productReference = D1ECC7E41C10D61E00AE8BCD /* Minesweeper.app */;
			productType = "com.apple.product-type.application";
		};
/* End PBXNativeTarget section */

/* Begin PBXProject section */
		D1ECC7DC1C10D61E00AE8BCD /* Project object */ = {
			isa = PBXProject;
			attributes = {
				LastUpgradeCheck = 0700;
				ORGANIZATIONNAME = "Nehal Rawat";
				TargetAttributes = {
					D1ECC7E31C10D61E00AE8BCD = {
						CreatedOnToolsVersion = 7.0.1;
					};
				};
			};
			buildConfigurationList = D1ECC7DF1C10D61E00AE8BCD /* Build configuration list for PBXProject "Minesweeper" */;
			compatibilityVersion = "Xcode 3.2";
			developmentRegion = English;
			hasScannedForEncodings = 0;
			knownRegions = (
				en,
				Base,
			);
			mainGroup = D1ECC7DB1C10D61E00AE8BCD;
			productRefGroup = D1ECC7E51C10D61E00AE8BCD /* Products */;
			projectDirPath = "";
			projectRoot = "";
			targets = (
				D1ECC7E31C10D61E00AE8BCD /* Minesweeper */,
			);
		};
/* End PBXProject section */

/* Begin PBXResourcesBuildPhase section */
		D1ECC7E21C10D61E00AE8BCD /* Resources */ = {
			isa = PBXResourcesBuildPhase;
			buildActionMask = 2147483647;
			files = (
				D1ECC7F21C10D61E00AE8BCD /* LaunchScreen.storyboard in Resources */,
				D1ECC7EF1C10D61E00AE8BCD /* Assets.xcassets in Resources */,
				D1ECC7ED1C10D61E00AE8BCD /* Main.storyboard in Resources */,
			);
			runOnlyForDeploymentPostprocessing = 0;
		};
/* End PBXResourcesBuildPhase section */

/* Begin PBXSourcesBuildPhase section */
		D1ECC7E01C10D61E00AE8BCD /* Sources */ = {
			isa = PBXSourcesBuildPhase;
			buildActionMask = 2147483647;
			files = (
				D1ECC7FE1C11035500AE8BCD /* SqButton.swift in Sources */,
				D1ECC7FA1C10DB0500AE8BCD /* Box.swift in Sources */,
				D1ECC7EA1C10D61E00AE8BCD /* ViewController.swift in Sources */,
				D1ECC7FC1C10DB8600AE8BCD /* Matrix.swift in Sources */,
				D1ECC7E81C10D61E00AE8BCD /* AppDelegate.swift in Sources */,
			);
			runOnlyForDeploymentPostprocessing = 0;
		};
/* End PBXSourcesBuildPhase section */

/* Begin PBXVariantGroup section */
		D1ECC7EB1C10D61E00AE8BCD /* Main.storyboard */ = {
			isa = PBXVariantGroup;
			children = (
				D1ECC7EC1C10D61E00AE8BCD /* Base */,
			);
			name = Main.storyboard;
			sourceTree = "<group>";
		};
		D1ECC7F01C10D61E00AE8BCD /* LaunchScreen.storyboard */ = {
			isa = PBXVariantGroup;
			children = (
				D1ECC7F11C10D61E00AE8BCD /* Base */,
			);
			name = LaunchScreen.storyboard;
			sourceTree = "<group>";
		};
/* End PBXVariantGroup section */

/* Begin XCBuildConfiguration section */
		D1ECC7F41C10D61E00AE8BCD /* Debug */ = {
			isa = XCBuildConfiguration;
			buildSettings = {
				ALWAYS_SEARCH_USER_PATHS = NO;
				CLANG_CXX_LANGUAGE_STANDARD = "gnu++0x";
				CLANG_CXX_LIBRARY = "libc++";
				CLANG_ENABLE_MODULES = YES;
				CLANG_ENABLE_OBJC_ARC = YES;
				CLANG_WARN_BOOL_CONVERSION = YES;
				CLANG_WARN_CONSTANT_CONVERSION = YES;
				CLANG_WARN_DIRECT_OBJC_ISA_USAGE = YES_ERROR;
				CLANG_WARN_EMPTY_BODY = YES;
				CLANG_WARN_ENUM_CONVERSION = YES;
				CLANG_WARN_INT_CONVERSION = YES;
				CLANG_WARN_OBJC_ROOT_CLASS = YES_ERROR;
				CLANG_WARN_UNREACHABLE_CODE = YES;
				CLANG_WARN__DUPLICATE_METHOD_MATCH = YES;
				"CODE_SIGN_IDENTITY[sdk=iphoneos*]" = "iPhone Developer";
				COPY_PHASE_STRIP = NO;
				DEBUG_INFORMATION_FORMAT = dwarf;
				ENABLE_STRICT_OBJC_MSGSEND = YES;
				ENABLE_TESTABILITY = YES;
				GCC_C_LANGUAGE_STANDARD = gnu99;
				GCC_DYNAMIC_NO_PIC = NO;
				GCC_NO_COMMON_BLOCKS = YES;
				GCC_OPTIMIZATION_LEVEL = 0;
				GCC_PREPROCESSOR_DEFINITIONS = (
					"DEBUG=1",
					"$(inherited)",
				);
				GCC_WARN_64_TO_32_BIT_CONVERSION = YES;
				GCC_WARN_ABOUT_RETURN_TYPE = YES_ERROR;
				GCC_WARN_UNDECLARED_SELECTOR = YES;
				GCC_WARN_UNINITIALIZED_AUTOS = YES_AGGRESSIVE;
				GCC_WARN_UNUSED_FUNCTION = YES;
				GCC_WARN_UNUSED_VARIABLE = YES;
				IPHONEOS_DEPLOYMENT_TARGET = 9.0;
				MTL_ENABLE_DEBUG_INFO = YES;
				ONLY_ACTIVE_ARCH = YES;
				SDKROOT = iphoneos;
				SWIFT_OPTIMIZATION_LEVEL = "-Onone";
			};
			name = Debug;
		};
		D1ECC7F51C10D61E00AE8BCD /* Release */ = {
			isa = XCBuildConfiguration;
			buildSettings = {
				ALWAYS_SEARCH_USER_PATHS = NO;
				CLANG_CXX_LANGUAGE_STANDARD = "gnu++0x";
				CLANG_CXX_LIBRARY = "libc++";
				CLANG_ENABLE_MODULES = YES;
				CLANG_ENABLE_OBJC_ARC = YES;
				CLANG_WARN_BOOL_CONVERSION = YES;
				CLANG_WARN_CONSTANT_CONVERSION = YES;
				CLANG_WARN_DIRECT_OBJC_ISA_USAGE = YES_ERROR;
				CLANG_WARN_EMPTY_BODY = YES;
				CLANG_WARN_ENUM_CONVERSION = YES;
				CLANG_WARN_INT_CONVERSION = YES;
				CLANG_WARN_OBJC_ROOT_CLASS = YES_ERROR;
				CLANG_WARN_UNREACHABLE_CODE = YES;
				CLANG_WARN__DUPLICATE_METHOD_MATCH = YES;
				"CODE_SIGN_IDENTITY[sdk=iphoneos*]" = "iPhone Developer";
				COPY_PHASE_STRIP = NO;
				DEBUG_INFORMATION_FORMAT = "dwarf-with-dsym";
				ENABLE_NS_ASSERTIONS = NO;
				ENABLE_STRICT_OBJC_MSGSEND = YES;
				GCC_C_LANGUAGE_STANDARD = gnu99;
				GCC_NO_COMMON_BLOCKS = YES;
				GCC_WARN_64_TO_32_BIT_CONVERSION = YES;
				GCC_WARN_ABOUT_RETURN_TYPE = YES_ERROR;
				GCC_WARN_UNDECLARED_SELECTOR = YES;
				GCC_WARN_UNINITIALIZED_AUTOS = YES_AGGRESSIVE;
				GCC_WARN_UNUSED_FUNCTION = YES;
				GCC_WARN_UNUSED_VARIABLE = YES;
				IPHONEOS_DEPLOYMENT_TARGET = 9.0;
				MTL_ENABLE_DEBUG_INFO = NO;
				SDKROOT = iphoneos;
				VALIDATE_PRODUCT = YES;
			};
			name = Release;
		};
		D1ECC7F71C10D61E00AE8BCD /* Debug */ = {
			isa = XCBuildConfiguration;
			buildSettings = {
				ASSETCATALOG_COMPILER_APPICON_NAME = AppIcon;
				INFOPLIST_FILE = Minesweeper/Info.plist;
				LD_RUNPATH_SEARCH_PATHS = "$(inherited) @executable_path/Frameworks";
				PRODUCT_BUNDLE_IDENTIFIER = CUAppDev.Minesweeper;
				PRODUCT_NAME = "$(TARGET_NAME)";
			};
			name = Debug;
		};
		D1ECC7F81C10D61E00AE8BCD /* Release */ = {
			isa = XCBuildConfiguration;
			buildSettings = {
				ASSETCATALOG_COMPILER_APPICON_NAME = AppIcon;
				INFOPLIST_FILE = Minesweeper/Info.plist;
				LD_RUNPATH_SEARCH_PATHS = "$(inherited) @executable_path/Frameworks";
				PRODUCT_BUNDLE_IDENTIFIER = CUAppDev.Minesweeper;
				PRODUCT_NAME = "$(TARGET_NAME)";
			};
			name = Release;
		};
/* End XCBuildConfiguration section */

/* Begin XCConfigurationList section */
		D1ECC7DF1C10D61E00AE8BCD /* Build configuration list for PBXProject "Minesweeper" */ = {
			isa = XCConfigurationList;
			buildConfigurations = (
				D1ECC7F41C10D61E00AE8BCD /* Debug */,
				D1ECC7F51C10D61E00AE8BCD /* Release */,
			);
			defaultConfigurationIsVisible = 0;
			defaultConfigurationName = Release;
		};
		D1ECC7F61C10D61E00AE8BCD /* Build configuration list for PBXNativeTarget "Minesweeper" */ = {
			isa = XCConfigurationList;
			buildConfigurations = (
				D1ECC7F71C10D61E00AE8BCD /* Debug */,
				D1ECC7F81C10D61E00AE8BCD /* Release */,
			);
			defaultConfigurationIsVisible = 0;
			defaultConfigurationName = Release;
		};
/* End XCConfigurationList section */
	};
	rootObject = D1ECC7DC1C10D61E00AE8BCD /* Project object */;
}
